
Microsoft Visual Studio Solution File, Format Version 12.00
# Visual Studio Version 16
VisualStudioVersion = 16.0.31205.134
MinimumVisualStudioVersion = 10.0.40219.1
Project("{FAE04EC0-301F-11D3-BF4B-00C04F79EFBC}") = "WCF_Chambix", "WCF_Chambix\WCF_Chambix.csproj", "{2EBD631F-6823-4282-BF0A-063A3874CDE1}"
EndProject
Project("{FAE04EC0-301F-11D3-BF4B-00C04F79EFBC}") = "WEB_Chambix", "WEB_Chambix\WEB_Chambix.csproj", "{596CF85E-3C7E-42FB-AC90-D464EF94D88F}"
	ProjectSection(ProjectDependencies) = postProject
		{2EBD631F-6823-4282-BF0A-063A3874CDE1} = {2EBD631F-6823-4282-BF0A-063A3874CDE1}
	EndProjectSection
EndProject
Project("{FAE04EC0-301F-11D3-BF4B-00C04F79EFBC}") = "WCF_ServiciosWeb", "WCF_ServiciosWeb\WCF_ServiciosWeb.csproj", "{E060776F-A4CC-450A-9341-DF1ED6929247}"
EndProject
Global
	GlobalSection(SolutionConfigurationPlatforms) = preSolution
		Debug|Any CPU = Debug|Any CPU
		Release|Any CPU = Release|Any CPU
	EndGlobalSection
	GlobalSection(ProjectConfigurationPlatforms) = postSolution
		{2EBD631F-6823-4282-BF0A-063A3874CDE1}.Debug|Any CPU.ActiveCfg = Debug|Any CPU
		{2EBD631F-6823-4282-BF0A-063A3874CDE1}.Debug|Any CPU.Build.0 = Debug|Any CPU
		{2EBD631F-6823-4282-BF0A-063A3874CDE1}.Release|Any CPU.ActiveCfg = Release|Any CPU
		{2EBD631F-6823-4282-BF0A-063A3874CDE1}.Release|Any CPU.Build.0 = Release|Any CPU
		{596CF85E-3C7E-42FB-AC90-D464EF94D88F}.Debug|Any CPU.ActiveCfg = Debug|Any CPU
		{596CF85E-3C7E-42FB-AC90-D464EF94D88F}.Debug|Any CPU.Build.0 = Debug|Any CPU
		{596CF85E-3C7E-42FB-AC90-D464EF94D88F}.Release|Any CPU.ActiveCfg = Release|Any CPU
		{596CF85E-3C7E-42FB-AC90-D464EF94D88F}.Release|Any CPU.Build.0 = Release|Any CPU
		{E060776F-A4CC-450A-9341-DF1ED6929247}.Debug|Any CPU.ActiveCfg = Debug|Any CPU
		{E060776F-A4CC-450A-9341-DF1ED6929247}.Debug|Any CPU.Build.0 = Debug|Any CPU
		{E060776F-A4CC-450A-9341-DF1ED6929247}.Release|Any CPU.ActiveCfg = Release|Any CPU
		{E060776F-A4CC-450A-9341-DF1ED6929247}.Release|Any CPU.Build.0 = Release|Any CPU
	EndGlobalSection
	GlobalSection(SolutionProperties) = preSolution
		HideSolutionNode = FALSE
	EndGlobalSection
	GlobalSection(ExtensibilityGlobals) = postSolution
		SolutionGuid = {69D5A26F-E416-4538-8792-4270DC54A1DD}
	EndGlobalSection
EndGlobal
